{
  "nodes": {
    "nixpkgs": {
      "locked": {
        "lastModified": 1704796538,
        "narHash": "sha256-uRMWOijfPGHzLXMqiYGoAitkq1beLfg2JAmGLdTjmvQ=",
        "owner": "NixOS",
        "repo": "nixpkgs",
        "rev": "792a7ddec9e0fe05aed934160eb75f1a821eb69b",
        "type": "github"
      },
      "original": {
        "owner": "NixOS",
        "repo": "nixpkgs",
        "type": "github"
      }
    },
    "root": {
      "inputs": {
        "nixpkgs": "nixpkgs"
      }
    }
  },
  "root": "root",
  "version": 7
}
